
Microsoft Visual Studio Solution File, Format Version 12.00
# Visual Studio Version 17
VisualStudioVersion = 17.6.33829.357
MinimumVisualStudioVersion = 10.0.40219.1
Project("{9A19103F-16F7-4668-BE54-9A1E7A4F7556}") = "EmployeeApp.API", "EmployeeApp.API\EmployeeApp.API.csproj", "{F332B11C-11CE-4C9D-B1F8-925CBF021333}"
EndProject
Project("{9A19103F-16F7-4668-BE54-9A1E7A4F7556}") = "EmployeeApp.IntegrationTest", "EmployeeApp.IntegrationTest\EmployeeApp.IntegrationTest.csproj", "{80D7DAF2-4365-49C7-B601-70CA70BD1C87}"
EndProject
Project("{FAE04EC0-301F-11D3-BF4B-00C04F79EFBC}") = "EmployeeApp.Application", "EmployeeApp.Application\EmployeeApp.Application.csproj", "{A0267323-3110-4D36-B437-FECDA40ABBFE}"
EndProject
Global
	GlobalSection(SolutionConfigurationPlatforms) = preSolution
		Debug|Any CPU = Debug|Any CPU
		Release|Any CPU = Release|Any CPU
	EndGlobalSection
	GlobalSection(ProjectConfigurationPlatforms) = postSolution
		{F332B11C-11CE-4C9D-B1F8-925CBF021333}.Debug|Any CPU.ActiveCfg = Debug|Any CPU
		{F332B11C-11CE-4C9D-B1F8-925CBF021333}.Debug|Any CPU.Build.0 = Debug|Any CPU
		{F332B11C-11CE-4C9D-B1F8-925CBF021333}.Release|Any CPU.ActiveCfg = Release|Any CPU
		{F332B11C-11CE-4C9D-B1F8-925CBF021333}.Release|Any CPU.Build.0 = Release|Any CPU
		{80D7DAF2-4365-49C7-B601-70CA70BD1C87}.Debug|Any CPU.ActiveCfg = Debug|Any CPU
		{80D7DAF2-4365-49C7-B601-70CA70BD1C87}.Debug|Any CPU.Build.0 = Debug|Any CPU
		{80D7DAF2-4365-49C7-B601-70CA70BD1C87}.Release|Any CPU.ActiveCfg = Release|Any CPU
		{80D7DAF2-4365-49C7-B601-70CA70BD1C87}.Release|Any CPU.Build.0 = Release|Any CPU
		{A0267323-3110-4D36-B437-FECDA40ABBFE}.Debug|Any CPU.ActiveCfg = Debug|Any CPU
		{A0267323-3110-4D36-B437-FECDA40ABBFE}.Debug|Any CPU.Build.0 = Debug|Any CPU
		{A0267323-3110-4D36-B437-FECDA40ABBFE}.Release|Any CPU.ActiveCfg = Release|Any CPU
		{A0267323-3110-4D36-B437-FECDA40ABBFE}.Release|Any CPU.Build.0 = Release|Any CPU
	EndGlobalSection
	GlobalSection(SolutionProperties) = preSolution
		HideSolutionNode = FALSE
	EndGlobalSection
	GlobalSection(ExtensibilityGlobals) = postSolution
		SolutionGuid = {38E22D42-AB57-4A5B-BAB8-A633E93EAF71}
	EndGlobalSection
EndGlobal
